Microsoft Visual Studio Solution File, Format Version 7.00
Project("{8BC9CEB8-8B4A-11D0-8D11-00A0C91BC942}") = "UnsafeNativeUtil", "UnsafeNativeUtil.vcproj", "{8FF51039-6A71-4A49-93C7-DA9D40343E79}"
EndProject
Global
	GlobalSection(SolutionConfiguration) = preSolution
		ConfigName.0 = Debug
		ConfigName.1 = Release
	EndGlobalSection
	GlobalSection(ProjectDependencies) = postSolution
	EndGlobalSection
	GlobalSection(ProjectConfiguration) = postSolution
		{8FF51039-6A71-4A49-93C7-DA9D40343E79}.Debug.ActiveCfg = Debug|Win32
		{8FF51039-6A71-4A49-93C7-DA9D40343E79}.Debug.Build.0 = Debug|Win32
		{8FF51039-6A71-4A49-93C7-DA9D40343E79}.Release.ActiveCfg = Release|Win32
		{8FF51039-6A71-4A49-93C7-DA9D40343E79}.Release.Build.0 = Release|Win32
	EndGlobalSection
	GlobalSection(ExtensibilityGlobals) = postSolution
	EndGlobalSection
	GlobalSection(ExtensibilityAddIns) = postSolution
	EndGlobalSection
EndGlobal
